{
  "name": "primeiros-passos",
  "version": "1.0.0",
  "lockfileVersion": 1,
  "requires": true,
  "dependencies": {
    "systemjs": {
      "version": "0.21.6",
      "resolved": "https://registry.npmjs.org/systemjs/-/systemjs-0.21.6.tgz",
      "integrity": "sha512-R+5S9eV9vcQgWOoS4D87joZ4xkFJHb19ZsyKY07D1+VBDE9bwYcU+KXE0r5XlDA8mFoJGyuWDbfrNoh90JsA8g=="
    }
  }
}
