{
  "requires": true,
  "lockfileVersion": 1,
  "dependencies": {
    "vue-cli-plugin-tailwind": {
      "version": "2.0.6",
      "resolved": "https://registry.npmjs.org/vue-cli-plugin-tailwind/-/vue-cli-plugin-tailwind-2.0.6.tgz",
      "integrity": "sha512-HgR3gSmlnypNU+hlqoiRBJsnShXSoig4XTFNZiPlyVZBtkDZdfD884wTxz+GDJHzWLPtv4wnAyuO95UCsPbyoQ==",
      "dev": true
    }
  }
}
